{
  "requires": true,
  "lockfileVersion": 1,
  "dependencies": {
    "@babel/runtime": {
      "version": "7.21.5",
      "resolved": "https://registry.npmjs.org/@babel/runtime/-/runtime-7.21.5.tgz",
      "integrity": "sha512-8jI69toZqqcsnqGGqwGS4Qb1VwLOEp4hz+CXPywcvjs60u3B4Pom/U/7rm4W8tMOYEB+E9wgD0mW1l3r8qlI9Q==",
      "requires": {
        "regenerator-runtime": "^0.13.11"
      }
    },
    "echarts": {
      "version": "5.4.2",
      "resolved": "https://registry.npmjs.org/echarts/-/echarts-5.4.2.tgz",
      "integrity": "sha512-2W3vw3oI2tWJdyAz+b8DuWS0nfXtSDqlDmqgin/lfzbkB01cuMEN66KWBlmur3YMp5nEDEEt5s23pllnAzB4EA==",
      "requires": {
        "tslib": "2.3.0",
        "zrender": "5.4.3"
      }
    },
    "inline-worker": {
      "version": "1.1.0",
      "resolved": "https://registry.npmjs.org/inline-worker/-/inline-worker-1.1.0.tgz",
      "integrity": "sha512-2nlxBGg5Uoop6IRco9wMzlAz62690ylokrUDg3IaCi9bJaq0HykbWlRtRXgvSKiBNmCBGXnOCFBkIFjaSGJocA=="
    },
    "js-md5": {
      "version": "0.7.3",
      "resolved": "https://registry.npmjs.org/js-md5/-/js-md5-0.7.3.tgz",
      "integrity": "sha512-ZC41vPSTLKGwIRjqDh8DfXoCrdQIyBgspJVPXHBGu4nZlAEvG3nf+jO9avM9RmLiGakg7vz974ms99nEV0tmTQ=="
    },
    "recorder-js": {
      "version": "1.0.7",
      "resolved": "https://registry.npmjs.org/recorder-js/-/recorder-js-1.0.7.tgz",
      "integrity": "sha512-jSG4GP1FUV9vGxY9lrvaI2yGq1OwfIvK8MF8qPndODhkwGx+iPBTG7ZhWK8YHt/zT/c88MmFZCntv9G7x1Exxg==",
      "requires": {
        "inline-worker": "^1.1.0"
      }
    },
    "recorderx": {
      "version": "2.0.2",
      "resolved": "https://registry.npmjs.org/recorderx/-/recorderx-2.0.2.tgz",
      "integrity": "sha512-Np/Ab+9THHbqke5Qn/7ujWU40xT3g7Ir9F7tmL/YIJmzAgmx24kL7OmjcUKRpploxUWJe+3a2QL6xkLVBdCHjQ==",
      "requires": {
        "@babel/runtime": "^7.4.4"
      }
    },
    "regenerator-runtime": {
      "version": "0.13.11",
      "resolved": "https://registry.npmjs.org/regenerator-runtime/-/regenerator-runtime-0.13.11.tgz",
      "integrity": "sha512-kY1AZVr2Ra+t+piVaJ4gxaFaReZVH40AKNo7UCX6W+dEwBo/2oZJzqfuN1qLq1oL45o56cPaTXELwrTh8Fpggg=="
    },
    "tslib": {
      "version": "2.3.0",
      "resolved": "https://registry.npmjs.org/tslib/-/tslib-2.3.0.tgz",
      "integrity": "sha512-N82ooyxVNm6h1riLCoyS9e3fuJ3AMG2zIZs2Gd1ATcSFjSA23Q0fzjjZeh0jbJvWVDZ0cJT8yaNNaaXHzueNjg=="
    },
    "zrender": {
      "version": "5.4.3",
      "resolved": "https://registry.npmjs.org/zrender/-/zrender-5.4.3.tgz",
      "integrity": "sha512-DRUM4ZLnoaT0PBVvGBDO9oWIDBKFdAVieNWxWwK0niYzJCMwGchRk21/hsE+RKkIveH3XHCyvXcJDkgLVvfizQ==",
      "requires": {
        "tslib": "2.3.0"
      }
    }
  }
}
